<Solution>
  <Folder Name="/Source/">
    <Project Path="Source/Chisel.Framework/Chisel.Framework.csproj" />
    <Project Path="Source/Chisel.Resource.Builder/Chisel.Resource.Builder.csproj" />
    <Project Path="Source/Chisel/Chisel.csproj" />
  </Folder>
  <Folder Name="/Tests/">
    <Project Path="Tests/GeneralPlayground/GeneralPlayground.csproj" />
    <Project Path="Tests/GLTest/GLTest.csproj" />
    <Project Path="Tests/UITests/UITests.csproj" />
    <Project Path="Tests/VKTest/VKTest.csproj" />
  </Folder>
</Solution>
